
Microsoft Visual Studio Solution File, Format Version 12.00
# Visual Studio Version 17
VisualStudioVersion = 17.0.31903.59
MinimumVisualStudioVersion = 10.0.40219.1
Project("{2150E333-8FDC-42A3-9474-1A3956D46DE8}") = "src", "src", "{827E0CD3-B72D-47B6-A68D-7590B98EB39B}"
EndProject
Project("{FAE04EC0-301F-11D3-BF4B-00C04F79EFBC}") = "Api", "src\Api\Api.csproj", "{7B35E8BB-A6CC-4D57-A2F6-74ED55AF1CBD}"
EndProject
Project("{FAE04EC0-301F-11D3-BF4B-00C04F79EFBC}") = "Simulation", "src\Simulation\Simulation.csproj", "{C1201029-D929-45EF-977E-8FED04F4D029}"
EndProject
Project("{FAE04EC0-301F-11D3-BF4B-00C04F79EFBC}") = "Processing", "src\Processing\Processing.csproj", "{E163ED5E-BC0D-4A07-ACDC-7F4A3826D4F6}"
EndProject
Project("{FAE04EC0-301F-11D3-BF4B-00C04F79EFBC}") = "Infrastructure", "src\Infrastructure\Infrastructure.csproj", "{D5385A56-EF22-4F8C-9DFD-BB36BE457849}"
EndProject
Project("{2150E333-8FDC-42A3-9474-1A3956D46DE8}") = "tests", "tests", "{0AB3BF05-4346-4AA6-1389-037BE0695223}"
EndProject
Project("{FAE04EC0-301F-11D3-BF4B-00C04F79EFBC}") = "Tests", "tests\Tests\Tests.csproj", "{AE636907-CCE3-4F7D-B58B-1B9EA81D38F2}"
EndProject
Project("{2150E333-8FDC-42A3-9474-1A3956D46DE8}") = "Contract", "Contract", "{53506FF3-1087-91DB-5731-19A6F3C92276}"
EndProject
Project("{FAE04EC0-301F-11D3-BF4B-00C04F79EFBC}") = "ContractTests", "tests\Contract\ContractTests.csproj", "{E2654BCF-1639-4918-A731-B7F20CA6E6E0}"
EndProject
Global
	GlobalSection(SolutionConfigurationPlatforms) = preSolution
		Debug|Any CPU = Debug|Any CPU
		Debug|x64 = Debug|x64
		Debug|x86 = Debug|x86
		Release|Any CPU = Release|Any CPU
		Release|x64 = Release|x64
		Release|x86 = Release|x86
	EndGlobalSection
	GlobalSection(ProjectConfigurationPlatforms) = postSolution
		{7B35E8BB-A6CC-4D57-A2F6-74ED55AF1CBD}.Debug|Any CPU.ActiveCfg = Debug|Any CPU
		{7B35E8BB-A6CC-4D57-A2F6-74ED55AF1CBD}.Debug|Any CPU.Build.0 = Debug|Any CPU
		{7B35E8BB-A6CC-4D57-A2F6-74ED55AF1CBD}.Debug|x64.ActiveCfg = Debug|Any CPU
		{7B35E8BB-A6CC-4D57-A2F6-74ED55AF1CBD}.Debug|x64.Build.0 = Debug|Any CPU
		{7B35E8BB-A6CC-4D57-A2F6-74ED55AF1CBD}.Debug|x86.ActiveCfg = Debug|Any CPU
		{7B35E8BB-A6CC-4D57-A2F6-74ED55AF1CBD}.Debug|x86.Build.0 = Debug|Any CPU
		{7B35E8BB-A6CC-4D57-A2F6-74ED55AF1CBD}.Release|Any CPU.ActiveCfg = Release|Any CPU
		{7B35E8BB-A6CC-4D57-A2F6-74ED55AF1CBD}.Release|Any CPU.Build.0 = Release|Any CPU
		{7B35E8BB-A6CC-4D57-A2F6-74ED55AF1CBD}.Release|x64.ActiveCfg = Release|Any CPU
		{7B35E8BB-A6CC-4D57-A2F6-74ED55AF1CBD}.Release|x64.Build.0 = Release|Any CPU
		{7B35E8BB-A6CC-4D57-A2F6-74ED55AF1CBD}.Release|x86.ActiveCfg = Release|Any CPU
		{7B35E8BB-A6CC-4D57-A2F6-74ED55AF1CBD}.Release|x86.Build.0 = Release|Any CPU
		{C1201029-D929-45EF-977E-8FED04F4D029}.Debug|Any CPU.ActiveCfg = Debug|Any CPU
		{C1201029-D929-45EF-977E-8FED04F4D029}.Debug|Any CPU.Build.0 = Debug|Any CPU
		{C1201029-D929-45EF-977E-8FED04F4D029}.Debug|x64.ActiveCfg = Debug|Any CPU
		{C1201029-D929-45EF-977E-8FED04F4D029}.Debug|x64.Build.0 = Debug|Any CPU
		{C1201029-D929-45EF-977E-8FED04F4D029}.Debug|x86.ActiveCfg = Debug|Any CPU
		{C1201029-D929-45EF-977E-8FED04F4D029}.Debug|x86.Build.0 = Debug|Any CPU
		{C1201029-D929-45EF-977E-8FED04F4D029}.Release|Any CPU.ActiveCfg = Release|Any CPU
		{C1201029-D929-45EF-977E-8FED04F4D029}.Release|Any CPU.Build.0 = Release|Any CPU
		{C1201029-D929-45EF-977E-8FED04F4D029}.Release|x64.ActiveCfg = Release|Any CPU
		{C1201029-D929-45EF-977E-8FED04F4D029}.Release|x64.Build.0 = Release|Any CPU
		{C1201029-D929-45EF-977E-8FED04F4D029}.Release|x86.ActiveCfg = Release|Any CPU
		{C1201029-D929-45EF-977E-8FED04F4D029}.Release|x86.Build.0 = Release|Any CPU
		{E163ED5E-BC0D-4A07-ACDC-7F4A3826D4F6}.Debug|Any CPU.ActiveCfg = Debug|Any CPU
		{E163ED5E-BC0D-4A07-ACDC-7F4A3826D4F6}.Debug|Any CPU.Build.0 = Debug|Any CPU
		{E163ED5E-BC0D-4A07-ACDC-7F4A3826D4F6}.Debug|x64.ActiveCfg = Debug|Any CPU
		{E163ED5E-BC0D-4A07-ACDC-7F4A3826D4F6}.Debug|x64.Build.0 = Debug|Any CPU
		{E163ED5E-BC0D-4A07-ACDC-7F4A3826D4F6}.Debug|x86.ActiveCfg = Debug|Any CPU
		{E163ED5E-BC0D-4A07-ACDC-7F4A3826D4F6}.Debug|x86.Build.0 = Debug|Any CPU
		{E163ED5E-BC0D-4A07-ACDC-7F4A3826D4F6}.Release|Any CPU.ActiveCfg = Release|Any CPU
		{E163ED5E-BC0D-4A07-ACDC-7F4A3826D4F6}.Release|Any CPU.Build.0 = Release|Any CPU
		{E163ED5E-BC0D-4A07-ACDC-7F4A3826D4F6}.Release|x64.ActiveCfg = Release|Any CPU
		{E163ED5E-BC0D-4A07-ACDC-7F4A3826D4F6}.Release|x64.Build.0 = Release|Any CPU
		{E163ED5E-BC0D-4A07-ACDC-7F4A3826D4F6}.Release|x86.ActiveCfg = Release|Any CPU
		{E163ED5E-BC0D-4A07-ACDC-7F4A3826D4F6}.Release|x86.Build.0 = Release|Any CPU
		{D5385A56-EF22-4F8C-9DFD-BB36BE457849}.Debug|Any CPU.ActiveCfg = Debug|Any CPU
		{D5385A56-EF22-4F8C-9DFD-BB36BE457849}.Debug|Any CPU.Build.0 = Debug|Any CPU
		{D5385A56-EF22-4F8C-9DFD-BB36BE457849}.Debug|x64.ActiveCfg = Debug|Any CPU
		{D5385A56-EF22-4F8C-9DFD-BB36BE457849}.Debug|x64.Build.0 = Debug|Any CPU
		{D5385A56-EF22-4F8C-9DFD-BB36BE457849}.Debug|x86.ActiveCfg = Debug|Any CPU
		{D5385A56-EF22-4F8C-9DFD-BB36BE457849}.Debug|x86.Build.0 = Debug|Any CPU
		{D5385A56-EF22-4F8C-9DFD-BB36BE457849}.Release|Any CPU.ActiveCfg = Release|Any CPU
		{D5385A56-EF22-4F8C-9DFD-BB36BE457849}.Release|Any CPU.Build.0 = Release|Any CPU
		{D5385A56-EF22-4F8C-9DFD-BB36BE457849}.Release|x64.ActiveCfg = Release|Any CPU
		{D5385A56-EF22-4F8C-9DFD-BB36BE457849}.Release|x64.Build.0 = Release|Any CPU
		{D5385A56-EF22-4F8C-9DFD-BB36BE457849}.Release|x86.ActiveCfg = Release|Any CPU
		{D5385A56-EF22-4F8C-9DFD-BB36BE457849}.Release|x86.Build.0 = Release|Any CPU
		{AE636907-CCE3-4F7D-B58B-1B9EA81D38F2}.Debug|Any CPU.ActiveCfg = Debug|Any CPU
		{AE636907-CCE3-4F7D-B58B-1B9EA81D38F2}.Debug|Any CPU.Build.0 = Debug|Any CPU
		{AE636907-CCE3-4F7D-B58B-1B9EA81D38F2}.Debug|x64.ActiveCfg = Debug|Any CPU
		{AE636907-CCE3-4F7D-B58B-1B9EA81D38F2}.Debug|x64.Build.0 = Debug|Any CPU
		{AE636907-CCE3-4F7D-B58B-1B9EA81D38F2}.Debug|x86.ActiveCfg = Debug|Any CPU
		{AE636907-CCE3-4F7D-B58B-1B9EA81D38F2}.Debug|x86.Build.0 = Debug|Any CPU
		{AE636907-CCE3-4F7D-B58B-1B9EA81D38F2}.Release|Any CPU.ActiveCfg = Release|Any CPU
		{AE636907-CCE3-4F7D-B58B-1B9EA81D38F2}.Release|Any CPU.Build.0 = Release|Any CPU
		{AE636907-CCE3-4F7D-B58B-1B9EA81D38F2}.Release|x64.ActiveCfg = Release|Any CPU
		{AE636907-CCE3-4F7D-B58B-1B9EA81D38F2}.Release|x64.Build.0 = Release|Any CPU
		{AE636907-CCE3-4F7D-B58B-1B9EA81D38F2}.Release|x86.ActiveCfg = Release|Any CPU
		{AE636907-CCE3-4F7D-B58B-1B9EA81D38F2}.Release|x86.Build.0 = Release|Any CPU
		{E2654BCF-1639-4918-A731-B7F20CA6E6E0}.Debug|Any CPU.ActiveCfg = Debug|Any CPU
		{E2654BCF-1639-4918-A731-B7F20CA6E6E0}.Debug|Any CPU.Build.0 = Debug|Any CPU
		{E2654BCF-1639-4918-A731-B7F20CA6E6E0}.Debug|x64.ActiveCfg = Debug|Any CPU
		{E2654BCF-1639-4918-A731-B7F20CA6E6E0}.Debug|x64.Build.0 = Debug|Any CPU
		{E2654BCF-1639-4918-A731-B7F20CA6E6E0}.Debug|x86.ActiveCfg = Debug|Any CPU
		{E2654BCF-1639-4918-A731-B7F20CA6E6E0}.Debug|x86.Build.0 = Debug|Any CPU
		{E2654BCF-1639-4918-A731-B7F20CA6E6E0}.Release|Any CPU.ActiveCfg = Release|Any CPU
		{E2654BCF-1639-4918-A731-B7F20CA6E6E0}.Release|Any CPU.Build.0 = Release|Any CPU
		{E2654BCF-1639-4918-A731-B7F20CA6E6E0}.Release|x64.ActiveCfg = Release|Any CPU
		{E2654BCF-1639-4918-A731-B7F20CA6E6E0}.Release|x64.Build.0 = Release|Any CPU
		{E2654BCF-1639-4918-A731-B7F20CA6E6E0}.Release|x86.ActiveCfg = Release|Any CPU
		{E2654BCF-1639-4918-A731-B7F20CA6E6E0}.Release|x86.Build.0 = Release|Any CPU
	EndGlobalSection
	GlobalSection(SolutionProperties) = preSolution
		HideSolutionNode = FALSE
	EndGlobalSection
	GlobalSection(NestedProjects) = preSolution
		{7B35E8BB-A6CC-4D57-A2F6-74ED55AF1CBD} = {827E0CD3-B72D-47B6-A68D-7590B98EB39B}
		{C1201029-D929-45EF-977E-8FED04F4D029} = {827E0CD3-B72D-47B6-A68D-7590B98EB39B}
		{E163ED5E-BC0D-4A07-ACDC-7F4A3826D4F6} = {827E0CD3-B72D-47B6-A68D-7590B98EB39B}
		{D5385A56-EF22-4F8C-9DFD-BB36BE457849} = {827E0CD3-B72D-47B6-A68D-7590B98EB39B}
		{AE636907-CCE3-4F7D-B58B-1B9EA81D38F2} = {0AB3BF05-4346-4AA6-1389-037BE0695223}
		{53506FF3-1087-91DB-5731-19A6F3C92276} = {0AB3BF05-4346-4AA6-1389-037BE0695223}
		{E2654BCF-1639-4918-A731-B7F20CA6E6E0} = {53506FF3-1087-91DB-5731-19A6F3C92276}
	EndGlobalSection
EndGlobal
